
Microsoft Visual Studio Solution File, Format Version 12.00
# Visual Studio Version 16
VisualStudioVersion = 16.0.28803.156
MinimumVisualStudioVersion = 10.0.40219.1
Project("{FAE04EC0-301F-11D3-BF4B-00C04F79EFBC}") = "Auto Shutdown 2", "Auto Shutdown 2\Auto Shutdown 2.csproj", "{5E69CC51-176B-4CB7-9FC9-EF027CAF917C}"
EndProject
Global
	GlobalSection(SolutionConfigurationPlatforms) = preSolution
		Debug|Any CPU = Debug|Any CPU
		Release|Any CPU = Release|Any CPU
	EndGlobalSection
	GlobalSection(ProjectConfigurationPlatforms) = postSolution
		{5E69CC51-176B-4CB7-9FC9-EF027CAF917C}.Debug|Any CPU.ActiveCfg = Debug|Any CPU
		{5E69CC51-176B-4CB7-9FC9-EF027CAF917C}.Debug|Any CPU.Build.0 = Debug|Any CPU
		{5E69CC51-176B-4CB7-9FC9-EF027CAF917C}.Release|Any CPU.ActiveCfg = Release|Any CPU
		{5E69CC51-176B-4CB7-9FC9-EF027CAF917C}.Release|Any CPU.Build.0 = Release|Any CPU
	EndGlobalSection
	GlobalSection(SolutionProperties) = preSolution
		HideSolutionNode = FALSE
	EndGlobalSection
	GlobalSection(ExtensibilityGlobals) = postSolution
		SolutionGuid = {6D27E10B-3188-4702-BA35-B07D5DF75A1C}
	EndGlobalSection
EndGlobal
